
Microsoft Visual Studio Solution File, Format Version 12.00
# Visual Studio Version 16
VisualStudioVersion = 16.0.32002.261
MinimumVisualStudioVersion = 10.0.40219.1
Project("{FAE04EC0-301F-11D3-BF4B-00C04F79EFBC}") = "CWheelsApi", "CWheelsApi\CWheelsApi.csproj", "{D0B43A34-2BBB-4BF4-9B28-C1D506F01505}"
EndProject
Global
	GlobalSection(SolutionConfigurationPlatforms) = preSolution
		Debug|Any CPU = Debug|Any CPU
		Release|Any CPU = Release|Any CPU
	EndGlobalSection
	GlobalSection(ProjectConfigurationPlatforms) = postSolution
		{D0B43A34-2BBB-4BF4-9B28-C1D506F01505}.Debug|Any CPU.ActiveCfg = Debug|Any CPU
		{D0B43A34-2BBB-4BF4-9B28-C1D506F01505}.Debug|Any CPU.Build.0 = Debug|Any CPU
		{D0B43A34-2BBB-4BF4-9B28-C1D506F01505}.Release|Any CPU.ActiveCfg = Release|Any CPU
		{D0B43A34-2BBB-4BF4-9B28-C1D506F01505}.Release|Any CPU.Build.0 = Release|Any CPU
	EndGlobalSection
	GlobalSection(SolutionProperties) = preSolution
		HideSolutionNode = FALSE
	EndGlobalSection
	GlobalSection(ExtensibilityGlobals) = postSolution
		SolutionGuid = {24CF694E-17B4-438C-ABEC-A4226583E105}
	EndGlobalSection
EndGlobal
